
Microsoft Visual Studio Solution File, Format Version 12.00
# Visual Studio Version 17
VisualStudioVersion = 17.1.32421.90
MinimumVisualStudioVersion = 10.0.40219.1
Project("{9A19103F-16F7-4668-BE54-9A1E7A4F7556}") = "GSES2_BTC_Service.API", "GSES2_BTC_Service.API\GSES2_BTC_Service.API.csproj", "{73FA03C3-8D7C-4A12-8CC9-ADA4E887DFB8}"
EndProject
Project("{2150E333-8FDC-42A3-9474-1A3956D46DE8}") = "GSES2_BTC.Clients", "GSES2_BTC.Clients", "{F348D726-8FB4-4A51-A173-E8569271F204}"
EndProject
Project("{2150E333-8FDC-42A3-9474-1A3956D46DE8}") = "GSES2_BTC", "GSES2_BTC", "{C2682EF9-E9A5-4A0D-88B6-1F5B248C7384}"
EndProject
Project("{2150E333-8FDC-42A3-9474-1A3956D46DE8}") = "Infrastructure", "Infrastructure", "{B7113EAE-6049-42E3-BFA1-E1292FBC0C81}"
EndProject
Project("{9A19103F-16F7-4668-BE54-9A1E7A4F7556}") = "GSES2_BTC.Core", "GSES2_BTC.Core\GSES2_BTC.Core.csproj", "{4117FD89-7BBE-4E98-B59B-DD7C56E9CA8B}"
EndProject
Project("{9A19103F-16F7-4668-BE54-9A1E7A4F7556}") = "CoingateProvider", "CoingateProvider\CoingateProvider.csproj", "{68A536C1-1374-4C60-A224-958B3D5BC229}"
EndProject
Project("{2150E333-8FDC-42A3-9474-1A3956D46DE8}") = "DataProviders", "DataProviders", "{A1622CFB-CD10-4774-AEB9-EA6686DD8FD2}"
EndProject
Project("{FAE04EC0-301F-11D3-BF4B-00C04F79EFBC}") = "SmtpGoogleProvider", "SmtpGoogleProvider\SmtpGoogleProvider.csproj", "{4A6F41DF-7C82-48F0-9F0B-C16C294CFCFC}"
EndProject
Project("{2150E333-8FDC-42A3-9474-1A3956D46DE8}") = "StorageProviders", "StorageProviders", "{ADCAAB8A-1965-4438-A68B-F9867BFE0433}"
EndProject
Project("{FAE04EC0-301F-11D3-BF4B-00C04F79EFBC}") = "FileDataStorage", "FileDataStorage\FileDataStorage.csproj", "{F2C04582-5B80-4552-81FC-FEA2D2A9FE07}"
EndProject
Global
	GlobalSection(SolutionConfigurationPlatforms) = preSolution
		Debug|Any CPU = Debug|Any CPU
		Release|Any CPU = Release|Any CPU
	EndGlobalSection
	GlobalSection(ProjectConfigurationPlatforms) = postSolution
		{73FA03C3-8D7C-4A12-8CC9-ADA4E887DFB8}.Debug|Any CPU.ActiveCfg = Debug|Any CPU
		{73FA03C3-8D7C-4A12-8CC9-ADA4E887DFB8}.Debug|Any CPU.Build.0 = Debug|Any CPU
		{73FA03C3-8D7C-4A12-8CC9-ADA4E887DFB8}.Release|Any CPU.ActiveCfg = Release|Any CPU
		{73FA03C3-8D7C-4A12-8CC9-ADA4E887DFB8}.Release|Any CPU.Build.0 = Release|Any CPU
		{4117FD89-7BBE-4E98-B59B-DD7C56E9CA8B}.Debug|Any CPU.ActiveCfg = Debug|Any CPU
		{4117FD89-7BBE-4E98-B59B-DD7C56E9CA8B}.Debug|Any CPU.Build.0 = Debug|Any CPU
		{4117FD89-7BBE-4E98-B59B-DD7C56E9CA8B}.Release|Any CPU.ActiveCfg = Release|Any CPU
		{4117FD89-7BBE-4E98-B59B-DD7C56E9CA8B}.Release|Any CPU.Build.0 = Release|Any CPU
		{68A536C1-1374-4C60-A224-958B3D5BC229}.Debug|Any CPU.ActiveCfg = Debug|Any CPU
		{68A536C1-1374-4C60-A224-958B3D5BC229}.Debug|Any CPU.Build.0 = Debug|Any CPU
		{68A536C1-1374-4C60-A224-958B3D5BC229}.Release|Any CPU.ActiveCfg = Release|Any CPU
		{68A536C1-1374-4C60-A224-958B3D5BC229}.Release|Any CPU.Build.0 = Release|Any CPU
		{4A6F41DF-7C82-48F0-9F0B-C16C294CFCFC}.Debug|Any CPU.ActiveCfg = Debug|Any CPU
		{4A6F41DF-7C82-48F0-9F0B-C16C294CFCFC}.Debug|Any CPU.Build.0 = Debug|Any CPU
		{4A6F41DF-7C82-48F0-9F0B-C16C294CFCFC}.Release|Any CPU.ActiveCfg = Release|Any CPU
		{4A6F41DF-7C82-48F0-9F0B-C16C294CFCFC}.Release|Any CPU.Build.0 = Release|Any CPU
		{F2C04582-5B80-4552-81FC-FEA2D2A9FE07}.Debug|Any CPU.ActiveCfg = Debug|Any CPU
		{F2C04582-5B80-4552-81FC-FEA2D2A9FE07}.Debug|Any CPU.Build.0 = Debug|Any CPU
		{F2C04582-5B80-4552-81FC-FEA2D2A9FE07}.Release|Any CPU.ActiveCfg = Release|Any CPU
		{F2C04582-5B80-4552-81FC-FEA2D2A9FE07}.Release|Any CPU.Build.0 = Release|Any CPU
	EndGlobalSection
	GlobalSection(SolutionProperties) = preSolution
		HideSolutionNode = FALSE
	EndGlobalSection
	GlobalSection(NestedProjects) = preSolution
		{73FA03C3-8D7C-4A12-8CC9-ADA4E887DFB8} = {F348D726-8FB4-4A51-A173-E8569271F204}
		{B7113EAE-6049-42E3-BFA1-E1292FBC0C81} = {C2682EF9-E9A5-4A0D-88B6-1F5B248C7384}
		{4117FD89-7BBE-4E98-B59B-DD7C56E9CA8B} = {C2682EF9-E9A5-4A0D-88B6-1F5B248C7384}
		{68A536C1-1374-4C60-A224-958B3D5BC229} = {A1622CFB-CD10-4774-AEB9-EA6686DD8FD2}
		{A1622CFB-CD10-4774-AEB9-EA6686DD8FD2} = {B7113EAE-6049-42E3-BFA1-E1292FBC0C81}
		{4A6F41DF-7C82-48F0-9F0B-C16C294CFCFC} = {A1622CFB-CD10-4774-AEB9-EA6686DD8FD2}
		{ADCAAB8A-1965-4438-A68B-F9867BFE0433} = {B7113EAE-6049-42E3-BFA1-E1292FBC0C81}
		{F2C04582-5B80-4552-81FC-FEA2D2A9FE07} = {ADCAAB8A-1965-4438-A68B-F9867BFE0433}
	EndGlobalSection
	GlobalSection(ExtensibilityGlobals) = postSolution
		SolutionGuid = {9354FE8D-4B38-4CD4-8099-61F86C3D6E3A}
	EndGlobalSection
EndGlobal
